
Microsoft Visual Studio Solution File, Format Version 12.00
# Visual Studio Version 16
VisualStudioVersion = 16.0.30717.126
MinimumVisualStudioVersion = 10.0.40219.1
Project("{9A19103F-16F7-4668-BE54-9A1E7A4F7556}") = "AdvantOfCodeDay1", "AdvantOfCodeDay1\AdvantOfCodeDay1.csproj", "{0019A098-35CF-4E16-9C17-2A236B865B63}"
EndProject
Project("{9A19103F-16F7-4668-BE54-9A1E7A4F7556}") = "AdvantOfCodeDay2", "AdvantOfCodeDay2\AdvantOfCodeDay2.csproj", "{3B400656-42DF-4678-AF0B-E2B437709C31}"
EndProject
Project("{9A19103F-16F7-4668-BE54-9A1E7A4F7556}") = "AdvantOfCodeDay3", "AdvantOfCodeDay3\AdvantOfCodeDay3.csproj", "{97D516D2-CCBC-43B1-8C02-04A74E6F8A4B}"
EndProject
Project("{9A19103F-16F7-4668-BE54-9A1E7A4F7556}") = "AdvantOfCodeDay4", "AdvantOfCodeDay4\AdvantOfCodeDay4.csproj", "{60089465-A9F3-4912-93D5-3B191528F2FC}"
EndProject
Project("{9A19103F-16F7-4668-BE54-9A1E7A4F7556}") = "AdvantOfCodeDay5", "AdvantOfCodeDay5\AdvantOfCodeDay5.csproj", "{BAE5BE86-FAA7-44C4-A3D3-566EC33E3EA9}"
EndProject
Project("{FAE04EC0-301F-11D3-BF4B-00C04F79EFBC}") = "AdvantOfCodeDay6", "AdvantOfCodeDay6\AdvantOfCodeDay6.csproj", "{898FC045-779B-45A3-9CEB-4B12E6D917CC}"
EndProject
Project("{FAE04EC0-301F-11D3-BF4B-00C04F79EFBC}") = "AdvantOfCodeDay7", "AdvantOfCodeDay7\AdvantOfCodeDay7.csproj", "{DD3FA31A-E191-409C-86DA-49FAF6E8C4F3}"
EndProject
Global
	GlobalSection(SolutionConfigurationPlatforms) = preSolution
		Debug|Any CPU = Debug|Any CPU
		Release|Any CPU = Release|Any CPU
	EndGlobalSection
	GlobalSection(ProjectConfigurationPlatforms) = postSolution
		{0019A098-35CF-4E16-9C17-2A236B865B63}.Debug|Any CPU.ActiveCfg = Debug|Any CPU
		{0019A098-35CF-4E16-9C17-2A236B865B63}.Debug|Any CPU.Build.0 = Debug|Any CPU
		{0019A098-35CF-4E16-9C17-2A236B865B63}.Release|Any CPU.ActiveCfg = Release|Any CPU
		{0019A098-35CF-4E16-9C17-2A236B865B63}.Release|Any CPU.Build.0 = Release|Any CPU
		{3B400656-42DF-4678-AF0B-E2B437709C31}.Debug|Any CPU.ActiveCfg = Debug|Any CPU
		{3B400656-42DF-4678-AF0B-E2B437709C31}.Debug|Any CPU.Build.0 = Debug|Any CPU
		{3B400656-42DF-4678-AF0B-E2B437709C31}.Release|Any CPU.ActiveCfg = Release|Any CPU
		{3B400656-42DF-4678-AF0B-E2B437709C31}.Release|Any CPU.Build.0 = Release|Any CPU
		{97D516D2-CCBC-43B1-8C02-04A74E6F8A4B}.Debug|Any CPU.ActiveCfg = Debug|Any CPU
		{97D516D2-CCBC-43B1-8C02-04A74E6F8A4B}.Debug|Any CPU.Build.0 = Debug|Any CPU
		{97D516D2-CCBC-43B1-8C02-04A74E6F8A4B}.Release|Any CPU.ActiveCfg = Release|Any CPU
		{97D516D2-CCBC-43B1-8C02-04A74E6F8A4B}.Release|Any CPU.Build.0 = Release|Any CPU
		{60089465-A9F3-4912-93D5-3B191528F2FC}.Debug|Any CPU.ActiveCfg = Debug|Any CPU
		{60089465-A9F3-4912-93D5-3B191528F2FC}.Debug|Any CPU.Build.0 = Debug|Any CPU
		{60089465-A9F3-4912-93D5-3B191528F2FC}.Release|Any CPU.ActiveCfg = Release|Any CPU
		{60089465-A9F3-4912-93D5-3B191528F2FC}.Release|Any CPU.Build.0 = Release|Any CPU
		{BAE5BE86-FAA7-44C4-A3D3-566EC33E3EA9}.Debug|Any CPU.ActiveCfg = Debug|Any CPU
		{BAE5BE86-FAA7-44C4-A3D3-566EC33E3EA9}.Debug|Any CPU.Build.0 = Debug|Any CPU
		{BAE5BE86-FAA7-44C4-A3D3-566EC33E3EA9}.Release|Any CPU.ActiveCfg = Release|Any CPU
		{BAE5BE86-FAA7-44C4-A3D3-566EC33E3EA9}.Release|Any CPU.Build.0 = Release|Any CPU
		{898FC045-779B-45A3-9CEB-4B12E6D917CC}.Debug|Any CPU.ActiveCfg = Debug|Any CPU
		{898FC045-779B-45A3-9CEB-4B12E6D917CC}.Debug|Any CPU.Build.0 = Debug|Any CPU
		{898FC045-779B-45A3-9CEB-4B12E6D917CC}.Release|Any CPU.ActiveCfg = Release|Any CPU
		{898FC045-779B-45A3-9CEB-4B12E6D917CC}.Release|Any CPU.Build.0 = Release|Any CPU
		{DD3FA31A-E191-409C-86DA-49FAF6E8C4F3}.Debug|Any CPU.ActiveCfg = Debug|Any CPU
		{DD3FA31A-E191-409C-86DA-49FAF6E8C4F3}.Debug|Any CPU.Build.0 = Debug|Any CPU
		{DD3FA31A-E191-409C-86DA-49FAF6E8C4F3}.Release|Any CPU.ActiveCfg = Release|Any CPU
		{DD3FA31A-E191-409C-86DA-49FAF6E8C4F3}.Release|Any CPU.Build.0 = Release|Any CPU
	EndGlobalSection
	GlobalSection(SolutionProperties) = preSolution
		HideSolutionNode = FALSE
	EndGlobalSection
	GlobalSection(ExtensibilityGlobals) = postSolution
		SolutionGuid = {3AC288D2-BB8A-44B3-B430-8F86B25C12C8}
	EndGlobalSection
EndGlobal
